
Microsoft Visual Studio Solution File, Format Version 12.00
# Visual Studio 15
VisualStudioVersion = 15.0.27130.2020
MinimumVisualStudioVersion = 10.0.40219.1
Project("{8BC9CEB8-8B4A-11D0-8D11-00A0C91BC942}") = "The Perfect World", "The Perfect World\The Perfect World.vcxproj", "{0A9468D5-17CB-4E0C-A69E-C7525A05E148}"
EndProject
Global
	GlobalSection(SolutionConfigurationPlatforms) = preSolution
		Debug|x64 = Debug|x64
		Debug|x86 = Debug|x86
		Release|x64 = Release|x64
		Release|x86 = Release|x86
	EndGlobalSection
	GlobalSection(ProjectConfigurationPlatforms) = postSolution
		{0A9468D5-17CB-4E0C-A69E-C7525A05E148}.Debug|x64.ActiveCfg = Debug|x64
		{0A9468D5-17CB-4E0C-A69E-C7525A05E148}.Debug|x64.Build.0 = Debug|x64
		{0A9468D5-17CB-4E0C-A69E-C7525A05E148}.Debug|x86.ActiveCfg = Debug|Win32
		{0A9468D5-17CB-4E0C-A69E-C7525A05E148}.Debug|x86.Build.0 = Debug|Win32
		{0A9468D5-17CB-4E0C-A69E-C7525A05E148}.Release|x64.ActiveCfg = Release|x64
		{0A9468D5-17CB-4E0C-A69E-C7525A05E148}.Release|x64.Build.0 = Release|x64
		{0A9468D5-17CB-4E0C-A69E-C7525A05E148}.Release|x86.ActiveCfg = Release|Win32
		{0A9468D5-17CB-4E0C-A69E-C7525A05E148}.Release|x86.Build.0 = Release|Win32
	EndGlobalSection
	GlobalSection(SolutionProperties) = preSolution
		HideSolutionNode = FALSE
	EndGlobalSection
	GlobalSection(ExtensibilityGlobals) = postSolution
		SolutionGuid = {CF720C4D-4511-474E-BBFB-1BC37AFE8F95}
	EndGlobalSection
EndGlobal
